
Microsoft Visual Studio Solution File, Format Version 12.00
# Visual Studio Version 16
VisualStudioVersion = 16.0.29806.167
MinimumVisualStudioVersion = 10.0.40219.1
Project("{9A19103F-16F7-4668-BE54-9A1E7A4F7556}") = "WelcomeDotNetCore", "WelcomeDotNetCore\WelcomeDotNetCore.csproj", "{A2B90372-7363-496D-9527-8D9B5C3FB06A}"
EndProject
Project("{9A19103F-16F7-4668-BE54-9A1E7A4F7556}") = "HelloCS", "HelloCS\HelloCS.csproj", "{0336433F-517E-4ECC-9D77-F6A8E290D373}"
EndProject
Global
	GlobalSection(SolutionConfigurationPlatforms) = preSolution
		Debug|Any CPU = Debug|Any CPU
		Release|Any CPU = Release|Any CPU
	EndGlobalSection
	GlobalSection(ProjectConfigurationPlatforms) = postSolution
		{A2B90372-7363-496D-9527-8D9B5C3FB06A}.Debug|Any CPU.ActiveCfg = Debug|Any CPU
		{A2B90372-7363-496D-9527-8D9B5C3FB06A}.Debug|Any CPU.Build.0 = Debug|Any CPU
		{A2B90372-7363-496D-9527-8D9B5C3FB06A}.Release|Any CPU.ActiveCfg = Release|Any CPU
		{A2B90372-7363-496D-9527-8D9B5C3FB06A}.Release|Any CPU.Build.0 = Release|Any CPU
		{0336433F-517E-4ECC-9D77-F6A8E290D373}.Debug|Any CPU.ActiveCfg = Debug|Any CPU
		{0336433F-517E-4ECC-9D77-F6A8E290D373}.Debug|Any CPU.Build.0 = Debug|Any CPU
		{0336433F-517E-4ECC-9D77-F6A8E290D373}.Release|Any CPU.ActiveCfg = Release|Any CPU
		{0336433F-517E-4ECC-9D77-F6A8E290D373}.Release|Any CPU.Build.0 = Release|Any CPU
	EndGlobalSection
	GlobalSection(SolutionProperties) = preSolution
		HideSolutionNode = FALSE
	EndGlobalSection
	GlobalSection(ExtensibilityGlobals) = postSolution
		SolutionGuid = {D573B6D5-BA60-4E7A-9FD7-41180CD0CB6A}
	EndGlobalSection
EndGlobal
